
Microsoft Visual Studio Solution File, Format Version 12.00
# Visual Studio 14
VisualStudioVersion = 14.0.25420.1
MinimumVisualStudioVersion = 10.0.40219.1
Project("{8BB2217D-0F2D-49D1-97BC-3654ED321F3B}") = "Chat", "Chat\Chat.xproj", "{74C33332-222A-4A20-A39C-C3A652473DE0}"
EndProject
Project("{8BB2217D-0F2D-49D1-97BC-3654ED321F3B}") = "Test", "Test\Test.xproj", "{96EAD692-F392-4775-8B47-C9AFF5773C5D}"
EndProject
Global
	GlobalSection(SolutionConfigurationPlatforms) = preSolution
		Debug|Any CPU = Debug|Any CPU
		Release|Any CPU = Release|Any CPU
	EndGlobalSection
	GlobalSection(ProjectConfigurationPlatforms) = postSolution
		{74C33332-222A-4A20-A39C-C3A652473DE0}.Debug|Any CPU.ActiveCfg = Debug|Any CPU
		{74C33332-222A-4A20-A39C-C3A652473DE0}.Debug|Any CPU.Build.0 = Debug|Any CPU
		{74C33332-222A-4A20-A39C-C3A652473DE0}.Release|Any CPU.ActiveCfg = Release|Any CPU
		{74C33332-222A-4A20-A39C-C3A652473DE0}.Release|Any CPU.Build.0 = Release|Any CPU
		{96EAD692-F392-4775-8B47-C9AFF5773C5D}.Debug|Any CPU.ActiveCfg = Debug|Any CPU
		{96EAD692-F392-4775-8B47-C9AFF5773C5D}.Debug|Any CPU.Build.0 = Debug|Any CPU
		{96EAD692-F392-4775-8B47-C9AFF5773C5D}.Release|Any CPU.ActiveCfg = Release|Any CPU
		{96EAD692-F392-4775-8B47-C9AFF5773C5D}.Release|Any CPU.Build.0 = Release|Any CPU
	EndGlobalSection
	GlobalSection(SolutionProperties) = preSolution
		HideSolutionNode = FALSE
	EndGlobalSection
EndGlobal
